// !$*UTF8*$!
{
	archiveVersion = 1;
	classes = {
	};
	objectVersion = 46;
	objects = {

/* Begin PBXBuildFile section */
		AF169C7B19C9B1C200D412D5 /* Foundation.framework in Frameworks */ = {isa = PBXBuildFile; fileRef = AF169C7A19C9B1C200D412D5 /* Foundation.framework */; };
		AF169C7D19C9B1C200D412D5 /* CoreGraphics.framework in Frameworks */ = {isa = PBXBuildFile; fileRef = AF169C7C19C9B1C200D412D5 /* CoreGraphics.framework */; };
		AF169C7F19C9B1C200D412D5 /* UIKit.framework in Frameworks */ = {isa = PBXBuildFile; fileRef = AF169C7E19C9B1C200D412D5 /* UIKit.framework */; };
		AF169C8519C9B1C200D412D5 /* InfoPlist.strings in Resources */ = {isa = PBXBuildFile; fileRef = AF169C8319C9B1C200D412D5 /* InfoPlist.strings */; };
		AF169C8719C9B1C200D412D5 /* main.m in Sources */ = {isa = PBXBuildFile; fileRef = AF169C8619C9B1C200D412D5 /* main.m */; };
		AF169C8B19C9B1C200D412D5 /* DIAppDelegate.m in Sources */ = {isa = PBXBuildFile; fileRef = AF169C8A19C9B1C200D412D5 /* DIAppDelegate.m */; };
		AF169C8E19C9B1C200D412D5 /* Main.storyboard in Resources */ = {isa = PBXBuildFile; fileRef = AF169C8C19C9B1C200D412D5 /* Main.storyboard */; };
		AF169C9119C9B1C200D412D5 /* DIViewController.m in Sources */ = {isa = PBXBuildFile; fileRef = AF169C9019C9B1C200D412D5 /* DIViewController.m */; };
		AF169C9319C9B1C200D412D5 /* Images.xcassets in Resources */ = {isa = PBXBuildFile; fileRef = AF169C9219C9B1C200D412D5 /* Images.xcassets */; };
		AF169C9A19C9B1C200D412D5 /* XCTest.framework in Frameworks */ = {isa = PBXBuildFile; fileRef = AF169C9919C9B1C200D412D5 /* XCTest.framework */; };
		AF169C9B19C9B1C200D412D5 /* Foundation.framework in Frameworks */ = {isa = PBXBuildFile; fileRef = AF169C7A19C9B1C200D412D5 /* Foundation.framework */; };
		AF169C9C19C9B1C200D412D5 /* UIKit.framework in Frameworks */ = {isa = PBXBuildFile; fileRef = AF169C7E19C9B1C200D412D5 /* UIKit.framework */; };
		AF169CA419C9B1C200D412D5 /* InfoPlist.strings in Resources */ = {isa = PBXBuildFile; fileRef = AF169CA219C9B1C200D412D5 /* InfoPlist.strings */; };
		AF169CA619C9B1C200D412D5 /* UITableViewController_ChallengeTests.m in Sources */ = {isa = PBXBuildFile; fileRef = AF169CA519C9B1C200D412D5 /* UITableViewController_ChallengeTests.m */; };
/* End PBXBuildFile section */

/* Begin PBXContainerItemProxy section */
		AF169C9D19C9B1C200D412D5 /* PBXContainerItemProxy */ = {
			isa = PBXContainerItemProxy;
			containerPortal = AF169C6F19C9B1C200D412D5 /* Project object */;
			proxyType = 1;
			remoteGlobalIDString = AF169C7619C9B1C200D412D5;
			remoteInfo = "UITableViewController Challenge";
		};
/* End PBXContainerItemProxy section */

/* Begin PBXFileReference section */
		AF169C7719C9B1C200D412D5 /* UITableViewController Challenge.app */ = {isa = PBXFileReference; explicitFileType = wrapper.application; includeInIndex = 0; path = "UITableViewController Challenge.app"; sourceTree = BUILT_PRODUCTS_DIR; };
		AF169C7A19C9B1C200D412D5 /* Foundation.framework */ = {isa = PBXFileReference; lastKnownFileType = wrapper.framework; name = Foundation.framework; path = System/Library/Frameworks/Foundation.framework; sourceTree = SDKROOT; };
		AF169C7C19C9B1C200D412D5 /* CoreGraphics.framework */ = {isa = PBXFileReference; lastKnownFileType = wrapper.framework; name = CoreGraphics.framework; path = System/Library/Frameworks/CoreGraphics.framework; sourceTree = SDKROOT; };
		AF169C7E19C9B1C200D412D5 /* UIKit.framework */ = {isa = PBXFileReference; lastKnownFileType = wrapper.framework; name = UIKit.framework; path = System/Library/Frameworks/UIKit.framework; sourceTree = SDKROOT; };
		AF169C8219C9B1C200D412D5 /* UITableViewController Challenge-Info.plist */ = {isa = PBXFileReference; lastKnownFileType = text.plist.xml; path = "UITableViewController Challenge-Info.plist"; sourceTree = "<group>"; };
		AF169C8419C9B1C200D412D5 /* en */ = {isa = PBXFileReference; lastKnownFileType = text.plist.strings; name = en; path = en.lproj/InfoPlist.strings; sourceTree = "<group>"; };
		AF169C8619C9B1C200D412D5 /* main.m */ = {isa = PBXFileReference; lastKnownFileType = sourcecode.c.objc; path = main.m; sourceTree = "<group>"; };
		AF169C8819C9B1C200D412D5 /* UITableViewController Challenge-Prefix.pch */ = {isa = PBXFileReference; lastKnownFileType = sourcecode.c.h; path = "UITableViewController Challenge-Prefix.pch"; sourceTree = "<group>"; };
		AF169C8919C9B1C200D412D5 /* DIAppDelegate.h */ = {isa = PBXFileReference; lastKnownFileType = sourcecode.c.h; path = DIAppDelegate.h; sourceTree = "<group>"; };
		AF169C8A19C9B1C200D412D5 /* DIAppDelegate.m */ = {isa = PBXFileReference; lastKnownFileType = sourcecode.c.objc; path = DIAppDelegate.m; sourceTree = "<group>"; };
		AF169C8D19C9B1C200D412D5 /* Base */ = {isa = PBXFileReference; lastKnownFileType = file.storyboard; name = Base; path = Base.lproj/Main.storyboard; sourceTree = "<group>"; };
		AF169C8F19C9B1C200D412D5 /* DIViewController.h */ = {isa = PBXFileReference; lastKnownFileType = sourcecode.c.h; path = DIViewController.h; sourceTree = "<group>"; };
		AF169C9019C9B1C200D412D5 /* DIViewController.m */ = {isa = PBXFileReference; lastKnownFileType = sourcecode.c.objc; path = DIViewController.m; sourceTree = "<group>"; };
		AF169C9219C9B1C200D412D5 /* Images.xcassets */ = {isa = PBXFileReference; lastKnownFileType = folder.assetcatalog; path = Images.xcassets; sourceTree = "<group>"; };
		AF169C9819C9B1C200D412D5 /* UITableViewController ChallengeTests.xctest */ = {isa = PBXFileReference; explicitFileType = wrapper.cfbundle; includeInIndex = 0; path = "UITableViewController ChallengeTests.xctest"; sourceTree = BUILT_PRODUCTS_DIR; };
		AF169C9919C9B1C200D412D5 /* XCTest.framework */ = {isa = PBXFileReference; lastKnownFileType = wrapper.framework; name = XCTest.framework; path = Library/Frameworks/XCTest.framework; sourceTree = DEVELOPER_DIR; };
		AF169CA119C9B1C200D412D5 /* UITableViewController ChallengeTests-Info.plist */ = {isa = PBXFileReference; lastKnownFileType = text.plist.xml; path = "UITableViewController ChallengeTests-Info.plist"; sourceTree = "<group>"; };
		AF169CA319C9B1C200D412D5 /* en */ = {isa = PBXFileReference; lastKnownFileType = text.plist.strings; name = en; path = en.lproj/InfoPlist.strings; sourceTree = "<group>"; };
		AF169CA519C9B1C200D412D5 /* UITableViewController_ChallengeTests.m */ = {isa = PBXFileReference; lastKnownFileType = sourcecode.c.objc; path = UITableViewController_ChallengeTests.m; sourceTree = "<group>"; };
/* End PBXFileReference section */

/* Begin PBXFrameworksBuildPhase section */
		AF169C7419C9B1C200D412D5 /* Frameworks */ = {
			isa = PBXFrameworksBuildPhase;
			buildActionMask = 2147483647;
			files = (
				AF169C7D19C9B1C200D412D5 /* CoreGraphics.framework in Frameworks */,
				AF169C7F19C9B1C200D412D5 /* UIKit.framework in Frameworks */,
				AF169C7B19C9B1C200D412D5 /* Foundation.framework in Frameworks */,
			);
			runOnlyForDeploymentPostprocessing = 0;
		};
		AF169C9519C9B1C200D412D5 /* Frameworks */ = {
			isa = PBXFrameworksBuildPhase;
			buildActionMask = 2147483647;
			files = (
				AF169C9A19C9B1C200D412D5 /* XCTest.framework in Frameworks */,
				AF169C9C19C9B1C200D412D5 /* UIKit.framework in Frameworks */,
				AF169C9B19C9B1C200D412D5 /* Foundation.framework in Frameworks */,
			);
			runOnlyForDeploymentPostprocessing = 0;
		};
/* End PBXFrameworksBuildPhase section */

/* Begin PBXGroup section */
		AF169C6E19C9B1C200D412D5 = {
			isa = PBXGroup;
			children = (
				AF169C8019C9B1C200D412D5 /* UITableViewController Challenge */,
				AF169C9F19C9B1C200D412D5 /* UITableViewController ChallengeTests */,
				AF169C7919C9B1C200D412D5 /* Frameworks */,
				AF169C7819C9B1C200D412D5 /* Products */,
			);
			sourceTree = "<group>";
		};
		AF169C7819C9B1C200D412D5 /* Products */ = {
			isa = PBXGroup;
			children = (
				AF169C7719C9B1C200D412D5 /* UITableViewController Challenge.app */,
				AF169C9819C9B1C200D412D5 /* UITableViewController ChallengeTests.xctest */,
			);
			name = Products;
			sourceTree = "<group>";
		};
		AF169C7919C9B1C200D412D5 /* Frameworks */ = {
			isa = PBXGroup;
			children = (
				AF169C7A19C9B1C200D412D5 /* Foundation.framework */,
				AF169C7C19C9B1C200D412D5 /* CoreGraphics.framework */,
				AF169C7E19C9B1C200D412D5 /* UIKit.framework */,
				AF169C9919C9B1C200D412D5 /* XCTest.framework */,
			);
			name = Frameworks;
			sourceTree = "<group>";
		};
		AF169C8019C9B1C200D412D5 /* UITableViewController Challenge */ = {
			isa = PBXGroup;
			children = (
				AF169C8919C9B1C200D412D5 /* DIAppDelegate.h */,
				AF169C8A19C9B1C200D412D5 /* DIAppDelegate.m */,
				AF169C8C19C9B1C200D412D5 /* Main.storyboard */,
				AF169C8F19C9B1C200D412D5 /* DIViewController.h */,
				AF169C9019C9B1C200D412D5 /* DIViewController.m */,
				AF169C9219C9B1C200D412D5 /* Images.xcassets */,
				AF169C8119C9B1C200D412D5 /* Supporting Files */,
			);
			path = "UITableViewController Challenge";
			sourceTree = "<group>";
		};
		AF169C8119C9B1C200D412D5 /* Supporting Files */ = {
			isa = PBXGroup;
			children = (
				AF169C8219C9B1C200D412D5 /* UITableViewController Challenge-Info.plist */,
				AF169C8319C9B1C200D412D5 /* InfoPlist.strings */,
				AF169C8619C9B1C200D412D5 /* main.m */,
				AF169C8819C9B1C200D412D5 /* UITableViewController Challenge-Prefix.pch */,
			);
			name = "Supporting Files";
			sourceTree = "<group>";
		};
		AF169C9F19C9B1C200D412D5 /* UITableViewController ChallengeTests */ = {
			isa = PBXGroup;
			children = (
				AF169CA519C9B1C200D412D5 /* UITableViewController_ChallengeTests.m */,
				AF169CA019C9B1C200D412D5 /* Supporting Files */,
			);
			path = "UITableViewController ChallengeTests";
			sourceTree = "<group>";
		};
		AF169CA019C9B1C200D412D5 /* Supporting Files */ = {
			isa = PBXGroup;
			children = (
				AF169CA119C9B1C200D412D5 /* UITableViewController ChallengeTests-Info.plist */,
				AF169CA219C9B1C200D412D5 /* InfoPlist.strings */,
			);
			name = "Supporting Files";
			sourceTree = "<group>";
		};
/* End PBXGroup section */

/* Begin PBXNativeTarget section */
		AF169C7619C9B1C200D412D5 /* UITableViewController Challenge */ = {
			isa = PBXNativeTarget;
			buildConfigurationList = AF169CA919C9B1C200D412D5 /* Build configuration list for PBXNativeTarget "UITableViewController Challenge" */;
			buildPhases = (
				AF169C7319C9B1C200D412D5 /* Sources */,
				AF169C7419C9B1C200D412D5 /* Frameworks */,
				AF169C7519C9B1C200D412D5 /* Resources */,
			);
			buildRules = (
			);
			dependencies = (
			);
			name = "UITableViewController Challenge";
			productName = "UITableViewController Challenge";
			productReference = AF169C7719C9B1C200D412D5 /* UITableViewController Challenge.app */;
			productType = "com.apple.product-type.application";
		};
		AF169C9719C9B1C200D412D5 /* UITableViewController ChallengeTests */ = {
			isa = PBXNativeTarget;
			buildConfigurationList = AF169CAC19C9B1C200D412D5 /* Build configuration list for PBXNativeTarget "UITableViewController ChallengeTests" */;
			buildPhases = (
				AF169C9419C9B1C200D412D5 /* Sources */,
				AF169C9519C9B1C200D412D5 /* Frameworks */,
				AF169C9619C9B1C200D412D5 /* Resources */,
			);
			buildRules = (
			);
			dependencies = (
				AF169C9E19C9B1C200D412D5 /* PBXTargetDependency */,
			);
			name = "UITableViewController ChallengeTests";
			productName = "UITableViewController ChallengeTests";
			productReference = AF169C9819C9B1C200D412D5 /* UITableViewController ChallengeTests.xctest */;
			productType = "com.apple.product-type.bundle.unit-test";
		};
/* End PBXNativeTarget section */

/* Begin PBXProject section */
		AF169C6F19C9B1C200D412D5 /* Project object */ = {
			isa = PBXProject;
			attributes = {
				CLASSPREFIX = DI;
				LastUpgradeCheck = 0510;
				ORGANIZATIONNAME = dibicioglu;
				TargetAttributes = {
					AF169C9719C9B1C200D412D5 = {
						TestTargetID = AF169C7619C9B1C200D412D5;
					};
				};
			};
			buildConfigurationList = AF169C7219C9B1C200D412D5 /* Build configuration list for PBXProject "UITableViewController Challenge" */;
			compatibilityVersion = "Xcode 3.2";
			developmentRegion = English;
			hasScannedForEncodings = 0;
			knownRegions = (
				en,
				Base,
			);
			mainGroup = AF169C6E19C9B1C200D412D5;
			productRefGroup = AF169C7819C9B1C200D412D5 /* Products */;
			projectDirPath = "";
			projectRoot = "";
			targets = (
				AF169C7619C9B1C200D412D5 /* UITableViewController Challenge */,
				AF169C9719C9B1C200D412D5 /* UITableViewController ChallengeTests */,
			);
		};
/* End PBXProject section */

/* Begin PBXResourcesBuildPhase section */
		AF169C7519C9B1C200D412D5 /* Resources */ = {
			isa = PBXResourcesBuildPhase;
			buildActionMask = 2147483647;
			files = (
				AF169C9319C9B1C200D412D5 /* Images.xcassets in Resources */,
				AF169C8519C9B1C200D412D5 /* InfoPlist.strings in Resources */,
				AF169C8E19C9B1C200D412D5 /* Main.storyboard in Resources */,
			);
			runOnlyForDeploymentPostprocessing = 0;
		};
		AF169C9619C9B1C200D412D5 /* Resources */ = {
			isa = PBXResourcesBuildPhase;
			buildActionMask = 2147483647;
			files = (
				AF169CA419C9B1C200D412D5 /* InfoPlist.strings in Resources */,
			);
			runOnlyForDeploymentPostprocessing = 0;
		};
/* End PBXResourcesBuildPhase section */

/* Begin PBXSourcesBuildPhase section */
		AF169C7319C9B1C200D412D5 /* Sources */ = {
			isa = PBXSourcesBuildPhase;
			buildActionMask = 2147483647;
			files = (
				AF169C8719C9B1C200D412D5 /* main.m in Sources */,
				AF169C9119C9B1C200D412D5 /* DIViewController.m in Sources */,
				AF169C8B19C9B1C200D412D5 /* DIAppDelegate.m in Sources */,
			);
			runOnlyForDeploymentPostprocessing = 0;
		};
		AF169C9419C9B1C200D412D5 /* Sources */ = {
			isa = PBXSourcesBuildPhase;
			buildActionMask = 2147483647;
			files = (
				AF169CA619C9B1C200D412D5 /* UITableViewController_ChallengeTests.m in Sources */,
			);
			runOnlyForDeploymentPostprocessing = 0;
		};
/* End PBXSourcesBuildPhase section */

/* Begin PBXTargetDependency section */
		AF169C9E19C9B1C200D412D5 /* PBXTargetDependency */ = {
			isa = PBXTargetDependency;
			target = AF169C7619C9B1C200D412D5 /* UITableViewController Challenge */;
			targetProxy = AF169C9D19C9B1C200D412D5 /* PBXContainerItemProxy */;
		};
/* End PBXTargetDependency section */

/* Begin PBXVariantGroup section */
		AF169C8319C9B1C200D412D5 /* InfoPlist.strings */ = {
			isa = PBXVariantGroup;
			children = (
				AF169C8419C9B1C200D412D5 /* en */,
			);
			name = InfoPlist.strings;
			sourceTree = "<group>";
		};
		AF169C8C19C9B1C200D412D5 /* Main.storyboard */ = {
			isa = PBXVariantGroup;
			children = (
				AF169C8D19C9B1C200D412D5 /* Base */,
			);
			name = Main.storyboard;
			sourceTree = "<group>";
		};
		AF169CA219C9B1C200D412D5 /* InfoPlist.strings */ = {
			isa = PBXVariantGroup;
			children = (
				AF169CA319C9B1C200D412D5 /* en */,
			);
			name = InfoPlist.strings;
			sourceTree = "<group>";
		};
/* End PBXVariantGroup section */

/* Begin XCBuildConfiguration section */
		AF169CA719C9B1C200D412D5 /* Debug */ = {
			isa = XCBuildConfiguration;
			buildSettings = {
				ALWAYS_SEARCH_USER_PATHS = NO;
				CLANG_CXX_LANGUAGE_STANDARD = "gnu++0x";
				CLANG_CXX_LIBRARY = "libc++";
				CLANG_ENABLE_MODULES = YES;
				CLANG_ENABLE_OBJC_ARC = YES;
				CLANG_WARN_BOOL_CONVERSION = YES;
				CLANG_WARN_CONSTANT_CONVERSION = YES;
				CLANG_WARN_DIRECT_OBJC_ISA_USAGE = YES_ERROR;
				CLANG_WARN_EMPTY_BODY = YES;
				CLANG_WARN_ENUM_CONVERSION = YES;
				CLANG_WARN_INT_CONVERSION = YES;
				CLANG_WARN_OBJC_ROOT_CLASS = YES_ERROR;
				CLANG_WARN__DUPLICATE_METHOD_MATCH = YES;
				"CODE_SIGN_IDENTITY[sdk=iphoneos*]" = "iPhone Developer";
				COPY_PHASE_STRIP = NO;
				GCC_C_LANGUAGE_STANDARD = gnu99;
				GCC_DYNAMIC_NO_PIC = NO;
				GCC_OPTIMIZATION_LEVEL = 0;
				GCC_PREPROCESSOR_DEFINITIONS = (
					"DEBUG=1",
					"$(inherited)",
				);
				GCC_SYMBOLS_PRIVATE_EXTERN = NO;
				GCC_WARN_64_TO_32_BIT_CONVERSION = YES;
				GCC_WARN_ABOUT_RETURN_TYPE = YES_ERROR;
				GCC_WARN_UNDECLARED_SELECTOR = YES;
				GCC_WARN_UNINITIALIZED_AUTOS = YES_AGGRESSIVE;
				GCC_WARN_UNUSED_FUNCTION = YES;
				GCC_WARN_UNUSED_VARIABLE = YES;
				IPHONEOS_DEPLOYMENT_TARGET = 7.1;
				ONLY_ACTIVE_ARCH = YES;
				SDKROOT = iphoneos;
			};
			name = Debug;
		};
		AF169CA819C9B1C200D412D5 /* Release */ = {
			isa = XCBuildConfiguration;
			buildSettings = {
				ALWAYS_SEARCH_USER_PATHS = NO;
				CLANG_CXX_LANGUAGE_STANDARD = "gnu++0x";
				CLANG_CXX_LIBRARY = "libc++";
				CLANG_ENABLE_MODULES = YES;
				CLANG_ENABLE_OBJC_ARC = YES;
				CLANG_WARN_BOOL_CONVERSION = YES;
				CLANG_WARN_CONSTANT_CONVERSION = YES;
				CLANG_WARN_DIRECT_OBJC_ISA_USAGE = YES_ERROR;
				CLANG_WARN_EMPTY_BODY = YES;
				CLANG_WARN_ENUM_CONVERSION = YES;
				CLANG_WARN_INT_CONVERSION = YES;
				CLANG_WARN_OBJC_ROOT_CLASS = YES_ERROR;
				CLANG_WARN__DUPLICATE_METHOD_MATCH = YES;
				"CODE_SIGN_IDENTITY[sdk=iphoneos*]" = "iPhone Developer";
				COPY_PHASE_STRIP = YES;
				ENABLE_NS_ASSERTIONS = NO;
				GCC_C_LANGUAGE_STANDARD = gnu99;
				GCC_WARN_64_TO_32_BIT_CONVERSION = YES;
				GCC_WARN_ABOUT_RETURN_TYPE = YES_ERROR;
				GCC_WARN_UNDECLARED_SELECTOR = YES;
				GCC_WARN_UNINITIALIZED_AUTOS = YES_AGGRESSIVE;
				GCC_WARN_UNUSED_FUNCTION = YES;
				GCC_WARN_UNUSED_VARIABLE = YES;
				IPHONEOS_DEPLOYMENT_TARGET = 7.1;
				SDKROOT = iphoneos;
				VALIDATE_PRODUCT = YES;
			};
			name = Release;
		};
		AF169CAA19C9B1C200D412D5 /* Debug */ = {
			isa = XCBuildConfiguration;
			buildSettings = {
				ASSETCATALOG_COMPILER_APPICON_NAME = AppIcon;
				ASSETCATALOG_COMPILER_LAUNCHIMAGE_NAME = LaunchImage;
				GCC_PRECOMPILE_PREFIX_HEADER = YES;
				GCC_PREFIX_HEADER = "UITableViewController Challenge/UITableViewController Challenge-Prefix.pch";
				INFOPLIST_FILE = "UITableViewController Challenge/UITableViewController Challenge-Info.plist";
				PRODUCT_NAME = "$(TARGET_NAME)";
				WRAPPER_EXTENSION = app;
			};
			name = Debug;
		};
		AF169CAB19C9B1C200D412D5 /* Release */ = {
			isa = XCBuildConfiguration;
			buildSettings = {
				ASSETCATALOG_COMPILER_APPICON_NAME = AppIcon;
				ASSETCATALOG_COMPILER_LAUNCHIMAGE_NAME = LaunchImage;
				GCC_PRECOMPILE_PREFIX_HEADER = YES;
				GCC_PREFIX_HEADER = "UITableViewController Challenge/UITableViewController Challenge-Prefix.pch";
				INFOPLIST_FILE = "UITableViewController Challenge/UITableViewController Challenge-Info.plist";
				PRODUCT_NAME = "$(TARGET_NAME)";
				WRAPPER_EXTENSION = app;
			};
			name = Release;
		};
		AF169CAD19C9B1C200D412D5 /* Debug */ = {
			isa = XCBuildConfiguration;
			buildSettings = {
				BUNDLE_LOADER = "$(BUILT_PRODUCTS_DIR)/UITableViewController Challenge.app/UITableViewController Challenge";
				FRAMEWORK_SEARCH_PATHS = (
					"$(SDKROOT)/Developer/Library/Frameworks",
					"$(inherited)",
					"$(DEVELOPER_FRAMEWORKS_DIR)",
				);
				GCC_PRECOMPILE_PREFIX_HEADER = YES;
				GCC_PREFIX_HEADER = "UITableViewController Challenge/UITableViewController Challenge-Prefix.pch";
				GCC_PREPROCESSOR_DEFINITIONS = (
					"DEBUG=1",
					"$(inherited)",
				);
				INFOPLIST_FILE = "UITableViewController ChallengeTests/UITableViewController ChallengeTests-Info.plist";
				PRODUCT_NAME = "$(TARGET_NAME)";
				TEST_HOST = "$(BUNDLE_LOADER)";
				WRAPPER_EXTENSION = xctest;
			};
			name = Debug;
		};
		AF169CAE19C9B1C200D412D5 /* Release */ = {
			isa = XCBuildConfiguration;
			buildSettings = {
				BUNDLE_LOADER = "$(BUILT_PRODUCTS_DIR)/UITableViewController Challenge.app/UITableViewController Challenge";
				FRAMEWORK_SEARCH_PATHS = (
					"$(SDKROOT)/Developer/Library/Frameworks",
					"$(inherited)",
					"$(DEVELOPER_FRAMEWORKS_DIR)",
				);
				GCC_PRECOMPILE_PREFIX_HEADER = YES;
				GCC_PREFIX_HEADER = "UITableViewController Challenge/UITableViewController Challenge-Prefix.pch";
				INFOPLIST_FILE = "UITableViewController ChallengeTests/UITableViewController ChallengeTests-Info.plist";
				PRODUCT_NAME = "$(TARGET_NAME)";
				TEST_HOST = "$(BUNDLE_LOADER)";
				WRAPPER_EXTENSION = xctest;
			};
			name = Release;
		};
/* End XCBuildConfiguration section */

/* Begin XCConfigurationList section */
		AF169C7219C9B1C200D412D5 /* Build configuration list for PBXProject "UITableViewController Challenge" */ = {
			isa = XCConfigurationList;
			buildConfigurations = (
				AF169CA719C9B1C200D412D5 /* Debug */,
				AF169CA819C9B1C200D412D5 /* Release */,
			);
			defaultConfigurationIsVisible = 0;
			defaultConfigurationName = Release;
		};
		AF169CA919C9B1C200D412D5 /* Build configuration list for PBXNativeTarget "UITableViewController Challenge" */ = {
			isa = XCConfigurationList;
			buildConfigurations = (
				AF169CAA19C9B1C200D412D5 /* Debug */,
				AF169CAB19C9B1C200D412D5 /* Release */,
			);
			defaultConfigurationIsVisible = 0;
		};
		AF169CAC19C9B1C200D412D5 /* Build configuration list for PBXNativeTarget "UITableViewController ChallengeTests" */ = {
			isa = XCConfigurationList;
			buildConfigurations = (
				AF169CAD19C9B1C200D412D5 /* Debug */,
				AF169CAE19C9B1C200D412D5 /* Release */,
			);
			defaultConfigurationIsVisible = 0;
		};
/* End XCConfigurationList section */
	};
	rootObject = AF169C6F19C9B1C200D412D5 /* Project object */;
}
